// !$*UTF8*$!
{
	archiveVersion = 1;
	classes = {
	};
	objectVersion = 50;
	objects = {

/* Begin PBXBuildFile section */
		80E27929224B674500AF2452 /* AppDelegate.swift in Sources */ = {isa = PBXBuildFile; fileRef = 80E27928224B674500AF2452 /* AppDelegate.swift */; };
		80E2792B224B674500AF2452 /* ViewController.swift in Sources */ = {isa = PBXBuildFile; fileRef = 80E2792A224B674500AF2452 /* ViewController.swift */; };
		80E2792E224B674500AF2452 /* Main.storyboard in Resources */ = {isa = PBXBuildFile; fileRef = 80E2792C224B674500AF2452 /* Main.storyboard */; };
		80E27930224B674800AF2452 /* Assets.xcassets in Resources */ = {isa = PBXBuildFile; fileRef = 80E2792F224B674800AF2452 /* Assets.xcassets */; };
		80E27933224B674800AF2452 /* LaunchScreen.storyboard in Resources */ = {isa = PBXBuildFile; fileRef = 80E27931224B674800AF2452 /* LaunchScreen.storyboard */; };
		80E2793E224B674800AF2452 /* aglTests.swift in Sources */ = {isa = PBXBuildFile; fileRef = 80E2793D224B674800AF2452 /* aglTests.swift */; };
		80E2794A224B67FE00AF2452 /* AGLClient.swift in Sources */ = {isa = PBXBuildFile; fileRef = 80E27949224B67FE00AF2452 /* AGLClient.swift */; };
		80E2794C224B684600AF2452 /* AGLClientLiveTests.swift in Sources */ = {isa = PBXBuildFile; fileRef = 80E2794B224B684600AF2452 /* AGLClientLiveTests.swift */; };
		80E2794F224B699600AF2452 /* Person.swift in Sources */ = {isa = PBXBuildFile; fileRef = 80E2794E224B699600AF2452 /* Person.swift */; };
		80F3E1C9224B7A2600E64FF8 /* AGLClientParsingTests.swift in Sources */ = {isa = PBXBuildFile; fileRef = 80F3E1C8224B7A2600E64FF8 /* AGLClientParsingTests.swift */; };
		80F3E1CB224B7ACF00E64FF8 /* JsonData.swift in Sources */ = {isa = PBXBuildFile; fileRef = 80F3E1CA224B7ACF00E64FF8 /* JsonData.swift */; };
		80F3E1CF224B7DA100E64FF8 /* Pet.swift in Sources */ = {isa = PBXBuildFile; fileRef = 80F3E1CD224B7D9A00E64FF8 /* Pet.swift */; };
		80F3E1D1224B7DBE00E64FF8 /* AGLMockCleint.swift in Sources */ = {isa = PBXBuildFile; fileRef = 80F3E1D0224B7DBE00E64FF8 /* AGLMockCleint.swift */; };
		80F3E1D4224B814400E64FF8 /* Cat.swift in Sources */ = {isa = PBXBuildFile; fileRef = 80F3E1D3224B814400E64FF8 /* Cat.swift */; };
		80F3E1D6224B819100E64FF8 /* Owner.swift in Sources */ = {isa = PBXBuildFile; fileRef = 80F3E1D5224B819100E64FF8 /* Owner.swift */; };
		80F3E1D9224B829000E64FF8 /* CatTableViewDataSource.swift in Sources */ = {isa = PBXBuildFile; fileRef = 80F3E1D8224B829000E64FF8 /* CatTableViewDataSource.swift */; };
		80F3E1DC224B836600E64FF8 /* CatTableViewDataSourceTests.swift in Sources */ = {isa = PBXBuildFile; fileRef = 80F3E1DB224B836600E64FF8 /* CatTableViewDataSourceTests.swift */; };
/* End PBXBuildFile section */

/* Begin PBXContainerItemProxy section */
		80E2793A224B674800AF2452 /* PBXContainerItemProxy */ = {
			isa = PBXContainerItemProxy;
			containerPortal = 80E2791D224B674500AF2452 /* Project object */;
			proxyType = 1;
			remoteGlobalIDString = 80E27924224B674500AF2452;
			remoteInfo = agl;
		};
/* End PBXContainerItemProxy section */

/* Begin PBXFileReference section */
		80E27925224B674500AF2452 /* agl.app */ = {isa = PBXFileReference; explicitFileType = wrapper.application; includeInIndex = 0; path = agl.app; sourceTree = BUILT_PRODUCTS_DIR; };
		80E27928224B674500AF2452 /* AppDelegate.swift */ = {isa = PBXFileReference; lastKnownFileType = sourcecode.swift; path = AppDelegate.swift; sourceTree = "<group>"; };
		80E2792A224B674500AF2452 /* ViewController.swift */ = {isa = PBXFileReference; lastKnownFileType = sourcecode.swift; path = ViewController.swift; sourceTree = "<group>"; };
		80E2792D224B674500AF2452 /* Base */ = {isa = PBXFileReference; lastKnownFileType = file.storyboard; name = Base; path = Base.lproj/Main.storyboard; sourceTree = "<group>"; };
		80E2792F224B674800AF2452 /* Assets.xcassets */ = {isa = PBXFileReference; lastKnownFileType = folder.assetcatalog; path = Assets.xcassets; sourceTree = "<group>"; };
		80E27932224B674800AF2452 /* Base */ = {isa = PBXFileReference; lastKnownFileType = file.storyboard; name = Base; path = Base.lproj/LaunchScreen.storyboard; sourceTree = "<group>"; };
		80E27934224B674800AF2452 /* Info.plist */ = {isa = PBXFileReference; lastKnownFileType = text.plist.xml; path = Info.plist; sourceTree = "<group>"; };
		80E27939224B674800AF2452 /* aglTests.xctest */ = {isa = PBXFileReference; explicitFileType = wrapper.cfbundle; includeInIndex = 0; path = aglTests.xctest; sourceTree = BUILT_PRODUCTS_DIR; };
		80E2793D224B674800AF2452 /* aglTests.swift */ = {isa = PBXFileReference; lastKnownFileType = sourcecode.swift; path = aglTests.swift; sourceTree = "<group>"; };
		80E2793F224B674800AF2452 /* Info.plist */ = {isa = PBXFileReference; lastKnownFileType = text.plist.xml; path = Info.plist; sourceTree = "<group>"; };
		80E27949224B67FE00AF2452 /* AGLClient.swift */ = {isa = PBXFileReference; lastKnownFileType = sourcecode.swift; path = AGLClient.swift; sourceTree = "<group>"; };
		80E2794B224B684600AF2452 /* AGLClientLiveTests.swift */ = {isa = PBXFileReference; lastKnownFileType = sourcecode.swift; path = AGLClientLiveTests.swift; sourceTree = "<group>"; };
		80E2794E224B699600AF2452 /* Person.swift */ = {isa = PBXFileReference; lastKnownFileType = sourcecode.swift; path = Person.swift; sourceTree = "<group>"; };
		80F3E1C8224B7A2600E64FF8 /* AGLClientParsingTests.swift */ = {isa = PBXFileReference; lastKnownFileType = sourcecode.swift; path = AGLClientParsingTests.swift; sourceTree = "<group>"; };
		80F3E1CA224B7ACF00E64FF8 /* JsonData.swift */ = {isa = PBXFileReference; lastKnownFileType = sourcecode.swift; path = JsonData.swift; sourceTree = "<group>"; };
		80F3E1CD224B7D9A00E64FF8 /* Pet.swift */ = {isa = PBXFileReference; lastKnownFileType = sourcecode.swift; path = Pet.swift; sourceTree = "<group>"; };
		80F3E1D0224B7DBE00E64FF8 /* AGLMockCleint.swift */ = {isa = PBXFileReference; lastKnownFileType = sourcecode.swift; path = AGLMockCleint.swift; sourceTree = "<group>"; };
		80F3E1D3224B814400E64FF8 /* Cat.swift */ = {isa = PBXFileReference; lastKnownFileType = sourcecode.swift; path = Cat.swift; sourceTree = "<group>"; };
		80F3E1D5224B819100E64FF8 /* Owner.swift */ = {isa = PBXFileReference; lastKnownFileType = sourcecode.swift; path = Owner.swift; sourceTree = "<group>"; };
		80F3E1D8224B829000E64FF8 /* CatTableViewDataSource.swift */ = {isa = PBXFileReference; lastKnownFileType = sourcecode.swift; path = CatTableViewDataSource.swift; sourceTree = "<group>"; };
		80F3E1DB224B836600E64FF8 /* CatTableViewDataSourceTests.swift */ = {isa = PBXFileReference; lastKnownFileType = sourcecode.swift; path = CatTableViewDataSourceTests.swift; sourceTree = "<group>"; };
/* End PBXFileReference section */

/* Begin PBXFrameworksBuildPhase section */
		80E27922224B674500AF2452 /* Frameworks */ = {
			isa = PBXFrameworksBuildPhase;
			buildActionMask = 2147483647;
			files = (
			);
			runOnlyForDeploymentPostprocessing = 0;
		};
		80E27936224B674800AF2452 /* Frameworks */ = {
			isa = PBXFrameworksBuildPhase;
			buildActionMask = 2147483647;
			files = (
			);
			runOnlyForDeploymentPostprocessing = 0;
		};
/* End PBXFrameworksBuildPhase section */

/* Begin PBXGroup section */
		80E2791C224B674500AF2452 = {
			isa = PBXGroup;
			children = (
				80E27927224B674500AF2452 /* agl */,
				80E2793C224B674800AF2452 /* aglTests */,
				80E27926224B674500AF2452 /* Products */,
			);
			sourceTree = "<group>";
		};
		80E27926224B674500AF2452 /* Products */ = {
			isa = PBXGroup;
			children = (
				80E27925224B674500AF2452 /* agl.app */,
				80E27939224B674800AF2452 /* aglTests.xctest */,
			);
			name = Products;
			sourceTree = "<group>";
		};
		80E27927224B674500AF2452 /* agl */ = {
			isa = PBXGroup;
			children = (
				80F3E1CC224B7D8800E64FF8 /* ResponseModels */,
				80E27948224B67DF00AF2452 /* API */,
				80E27928224B674500AF2452 /* AppDelegate.swift */,
				80F3E1D2224B810D00E64FF8 /* Model */,
				80F3E1D7224B823100E64FF8 /* DataSources */,
				80E2792A224B674500AF2452 /* ViewController.swift */,
				80E2792C224B674500AF2452 /* Main.storyboard */,
				80E2792F224B674800AF2452 /* Assets.xcassets */,
				80E27931224B674800AF2452 /* LaunchScreen.storyboard */,
				80E27934224B674800AF2452 /* Info.plist */,
			);
			path = agl;
			sourceTree = "<group>";
		};
		80E2793C224B674800AF2452 /* aglTests */ = {
			isa = PBXGroup;
			children = (
				80F3E1DA224B834B00E64FF8 /* DataSources */,
				80F3E1C7224B7A0000E64FF8 /* API */,
				80E2793D224B674800AF2452 /* aglTests.swift */,
				80E2793F224B674800AF2452 /* Info.plist */,
			);
			path = aglTests;
			sourceTree = "<group>";
		};
		80E27948224B67DF00AF2452 /* API */ = {
			isa = PBXGroup;
			children = (
				80E27949224B67FE00AF2452 /* AGLClient.swift */,
			);
			path = API;
			sourceTree = "<group>";
		};
		80F3E1C7224B7A0000E64FF8 /* API */ = {
			isa = PBXGroup;
			children = (
				80F3E1D0224B7DBE00E64FF8 /* AGLMockCleint.swift */,
				80E2794B224B684600AF2452 /* AGLClientLiveTests.swift */,
				80F3E1C8224B7A2600E64FF8 /* AGLClientParsingTests.swift */,
				80F3E1CA224B7ACF00E64FF8 /* JsonData.swift */,
			);
			path = API;
			sourceTree = "<group>";
		};
		80F3E1CC224B7D8800E64FF8 /* ResponseModels */ = {
			isa = PBXGroup;
			children = (
				80F3E1CD224B7D9A00E64FF8 /* Pet.swift */,
				80E2794E224B699600AF2452 /* Person.swift */,
			);
			path = ResponseModels;
			sourceTree = "<group>";
		};
		80F3E1D2224B810D00E64FF8 /* Model */ = {
			isa = PBXGroup;
			children = (
				80F3E1D3224B814400E64FF8 /* Cat.swift */,
				80F3E1D5224B819100E64FF8 /* Owner.swift */,
			);
			path = Model;
			sourceTree = "<group>";
		};
		80F3E1D7224B823100E64FF8 /* DataSources */ = {
			isa = PBXGroup;
			children = (
				80F3E1D8224B829000E64FF8 /* CatTableViewDataSource.swift */,
			);
			path = DataSources;
			sourceTree = "<group>";
		};
		80F3E1DA224B834B00E64FF8 /* DataSources */ = {
			isa = PBXGroup;
			children = (
				80F3E1DB224B836600E64FF8 /* CatTableViewDataSourceTests.swift */,
			);
			path = DataSources;
			sourceTree = "<group>";
		};
/* End PBXGroup section */

/* Begin PBXNativeTarget section */
		80E27924224B674500AF2452 /* agl */ = {
			isa = PBXNativeTarget;
			buildConfigurationList = 80E27942224B674800AF2452 /* Build configuration list for PBXNativeTarget "agl" */;
			buildPhases = (
				80E27921224B674500AF2452 /* Sources */,
				80E27922224B674500AF2452 /* Frameworks */,
				80E27923224B674500AF2452 /* Resources */,
			);
			buildRules = (
			);
			dependencies = (
			);
			name = agl;
			productName = agl;
			productReference = 80E27925224B674500AF2452 /* agl.app */;
			productType = "com.apple.product-type.application";
		};
		80E27938224B674800AF2452 /* aglTests */ = {
			isa = PBXNativeTarget;
			buildConfigurationList = 80E27945224B674800AF2452 /* Build configuration list for PBXNativeTarget "aglTests" */;
			buildPhases = (
				80E27935224B674800AF2452 /* Sources */,
				80E27936224B674800AF2452 /* Frameworks */,
				80E27937224B674800AF2452 /* Resources */,
			);
			buildRules = (
			);
			dependencies = (
				80E2793B224B674800AF2452 /* PBXTargetDependency */,
			);
			name = aglTests;
			productName = aglTests;
			productReference = 80E27939224B674800AF2452 /* aglTests.xctest */;
			productType = "com.apple.product-type.bundle.unit-test";
		};
/* End PBXNativeTarget section */

/* Begin PBXProject section */
		80E2791D224B674500AF2452 /* Project object */ = {
			isa = PBXProject;
			attributes = {
				LastSwiftUpdateCheck = 1010;
				LastUpgradeCheck = 1010;
				ORGANIZATIONNAME = "Jinah Adam";
				TargetAttributes = {
					80E27924224B674500AF2452 = {
						CreatedOnToolsVersion = 10.1;
					};
					80E27938224B674800AF2452 = {
						CreatedOnToolsVersion = 10.1;
						TestTargetID = 80E27924224B674500AF2452;
					};
				};
			};
			buildConfigurationList = 80E27920224B674500AF2452 /* Build configuration list for PBXProject "agl" */;
			compatibilityVersion = "Xcode 9.3";
			developmentRegion = en;
			hasScannedForEncodings = 0;
			knownRegions = (
				en,
				Base,
			);
			mainGroup = 80E2791C224B674500AF2452;
			productRefGroup = 80E27926224B674500AF2452 /* Products */;
			projectDirPath = "";
			projectRoot = "";
			targets = (
				80E27924224B674500AF2452 /* agl */,
				80E27938224B674800AF2452 /* aglTests */,
			);
		};
/* End PBXProject section */

/* Begin PBXResourcesBuildPhase section */
		80E27923224B674500AF2452 /* Resources */ = {
			isa = PBXResourcesBuildPhase;
			buildActionMask = 2147483647;
			files = (
				80E27933224B674800AF2452 /* LaunchScreen.storyboard in Resources */,
				80E27930224B674800AF2452 /* Assets.xcassets in Resources */,
				80E2792E224B674500AF2452 /* Main.storyboard in Resources */,
			);
			runOnlyForDeploymentPostprocessing = 0;
		};
		80E27937224B674800AF2452 /* Resources */ = {
			isa = PBXResourcesBuildPhase;
			buildActionMask = 2147483647;
			files = (
			);
			runOnlyForDeploymentPostprocessing = 0;
		};
/* End PBXResourcesBuildPhase section */

/* Begin PBXSourcesBuildPhase section */
		80E27921224B674500AF2452 /* Sources */ = {
			isa = PBXSourcesBuildPhase;
			buildActionMask = 2147483647;
			files = (
				80E2792B224B674500AF2452 /* ViewController.swift in Sources */,
				80E2794A224B67FE00AF2452 /* AGLClient.swift in Sources */,
				80F3E1D6224B819100E64FF8 /* Owner.swift in Sources */,
				80F3E1D4224B814400E64FF8 /* Cat.swift in Sources */,
				80E2794F224B699600AF2452 /* Person.swift in Sources */,
				80F3E1D9224B829000E64FF8 /* CatTableViewDataSource.swift in Sources */,
				80F3E1CF224B7DA100E64FF8 /* Pet.swift in Sources */,
				80E27929224B674500AF2452 /* AppDelegate.swift in Sources */,
			);
			runOnlyForDeploymentPostprocessing = 0;
		};
		80E27935224B674800AF2452 /* Sources */ = {
			isa = PBXSourcesBuildPhase;
			buildActionMask = 2147483647;
			files = (
				80F3E1C9224B7A2600E64FF8 /* AGLClientParsingTests.swift in Sources */,
				80F3E1DC224B836600E64FF8 /* CatTableViewDataSourceTests.swift in Sources */,
				80F3E1D1224B7DBE00E64FF8 /* AGLMockCleint.swift in Sources */,
				80F3E1CB224B7ACF00E64FF8 /* JsonData.swift in Sources */,
				80E2793E224B674800AF2452 /* aglTests.swift in Sources */,
				80E2794C224B684600AF2452 /* AGLClientLiveTests.swift in Sources */,
			);
			runOnlyForDeploymentPostprocessing = 0;
		};
/* End PBXSourcesBuildPhase section */

/* Begin PBXTargetDependency section */
		80E2793B224B674800AF2452 /* PBXTargetDependency */ = {
			isa = PBXTargetDependency;
			target = 80E27924224B674500AF2452 /* agl */;
			targetProxy = 80E2793A224B674800AF2452 /* PBXContainerItemProxy */;
		};
/* End PBXTargetDependency section */

/* Begin PBXVariantGroup section */
		80E2792C224B674500AF2452 /* Main.storyboard */ = {
			isa = PBXVariantGroup;
			children = (
				80E2792D224B674500AF2452 /* Base */,
			);
			name = Main.storyboard;
			sourceTree = "<group>";
		};
		80E27931224B674800AF2452 /* LaunchScreen.storyboard */ = {
			isa = PBXVariantGroup;
			children = (
				80E27932224B674800AF2452 /* Base */,
			);
			name = LaunchScreen.storyboard;
			sourceTree = "<group>";
		};
/* End PBXVariantGroup section */

/* Begin XCBuildConfiguration section */
		80E27940224B674800AF2452 /* Debug */ = {
			isa = XCBuildConfiguration;
			buildSettings = {
				ALWAYS_SEARCH_USER_PATHS = NO;
				CLANG_ANALYZER_NONNULL = YES;
				CLANG_ANALYZER_NUMBER_OBJECT_CONVERSION = YES_AGGRESSIVE;
				CLANG_CXX_LANGUAGE_STANDARD = "gnu++14";
				CLANG_CXX_LIBRARY = "libc++";
				CLANG_ENABLE_MODULES = YES;
				CLANG_ENABLE_OBJC_ARC = YES;
				CLANG_ENABLE_OBJC_WEAK = YES;
				CLANG_WARN_BLOCK_CAPTURE_AUTORELEASING = YES;
				CLANG_WARN_BOOL_CONVERSION = YES;
				CLANG_WARN_COMMA = YES;
				CLANG_WARN_CONSTANT_CONVERSION = YES;
				CLANG_WARN_DEPRECATED_OBJC_IMPLEMENTATIONS = YES;
				CLANG_WARN_DIRECT_OBJC_ISA_USAGE = YES_ERROR;
				CLANG_WARN_DOCUMENTATION_COMMENTS = YES;
				CLANG_WARN_EMPTY_BODY = YES;
				CLANG_WARN_ENUM_CONVERSION = YES;
				CLANG_WARN_INFINITE_RECURSION = YES;
				CLANG_WARN_INT_CONVERSION = YES;
				CLANG_WARN_NON_LITERAL_NULL_CONVERSION = YES;
				CLANG_WARN_OBJC_IMPLICIT_RETAIN_SELF = YES;
				CLANG_WARN_OBJC_LITERAL_CONVERSION = YES;
				CLANG_WARN_OBJC_ROOT_CLASS = YES_ERROR;
				CLANG_WARN_RANGE_LOOP_ANALYSIS = YES;
				CLANG_WARN_STRICT_PROTOTYPES = YES;
				CLANG_WARN_SUSPICIOUS_MOVE = YES;
				CLANG_WARN_UNGUARDED_AVAILABILITY = YES_AGGRESSIVE;
				CLANG_WARN_UNREACHABLE_CODE = YES;
				CLANG_WARN__DUPLICATE_METHOD_MATCH = YES;
				CODE_SIGN_IDENTITY = "iPhone Developer";
				COPY_PHASE_STRIP = NO;
				DEBUG_INFORMATION_FORMAT = dwarf;
				ENABLE_STRICT_OBJC_MSGSEND = YES;
				ENABLE_TESTABILITY = YES;
				GCC_C_LANGUAGE_STANDARD = gnu11;
				GCC_DYNAMIC_NO_PIC = NO;
				GCC_NO_COMMON_BLOCKS = YES;
				GCC_OPTIMIZATION_LEVEL = 0;
				GCC_PREPROCESSOR_DEFINITIONS = (
					"DEBUG=1",
					"$(inherited)",
				);
				GCC_WARN_64_TO_32_BIT_CONVERSION = YES;
				GCC_WARN_ABOUT_RETURN_TYPE = YES_ERROR;
				GCC_WARN_UNDECLARED_SELECTOR = YES;
				GCC_WARN_UNINITIALIZED_AUTOS = YES_AGGRESSIVE;
				GCC_WARN_UNUSED_FUNCTION = YES;
				GCC_WARN_UNUSED_VARIABLE = YES;
				IPHONEOS_DEPLOYMENT_TARGET = 12.1;
				MTL_ENABLE_DEBUG_INFO = INCLUDE_SOURCE;
				MTL_FAST_MATH = YES;
				ONLY_ACTIVE_ARCH = YES;
				SDKROOT = iphoneos;
				SWIFT_ACTIVE_COMPILATION_CONDITIONS = DEBUG;
				SWIFT_OPTIMIZATION_LEVEL = "-Onone";
			};
			name = Debug;
		};
		80E27941224B674800AF2452 /* Release */ = {
			isa = XCBuildConfiguration;
			buildSettings = {
				ALWAYS_SEARCH_USER_PATHS = NO;
				CLANG_ANALYZER_NONNULL = YES;
				CLANG_ANALYZER_NUMBER_OBJECT_CONVERSION = YES_AGGRESSIVE;
				CLANG_CXX_LANGUAGE_STANDARD = "gnu++14";
				CLANG_CXX_LIBRARY = "libc++";
				CLANG_ENABLE_MODULES = YES;
				CLANG_ENABLE_OBJC_ARC = YES;
				CLANG_ENABLE_OBJC_WEAK = YES;
				CLANG_WARN_BLOCK_CAPTURE_AUTORELEASING = YES;
				CLANG_WARN_BOOL_CONVERSION = YES;
				CLANG_WARN_COMMA = YES;
				CLANG_WARN_CONSTANT_CONVERSION = YES;
				CLANG_WARN_DEPRECATED_OBJC_IMPLEMENTATIONS = YES;
				CLANG_WARN_DIRECT_OBJC_ISA_USAGE = YES_ERROR;
				CLANG_WARN_DOCUMENTATION_COMMENTS = YES;
				CLANG_WARN_EMPTY_BODY = YES;
				CLANG_WARN_ENUM_CONVERSION = YES;
				CLANG_WARN_INFINITE_RECURSION = YES;
				CLANG_WARN_INT_CONVERSION = YES;
				CLANG_WARN_NON_LITERAL_NULL_CONVERSION = YES;
				CLANG_WARN_OBJC_IMPLICIT_RETAIN_SELF = YES;
				CLANG_WARN_OBJC_LITERAL_CONVERSION = YES;
				CLANG_WARN_OBJC_ROOT_CLASS = YES_ERROR;
				CLANG_WARN_RANGE_LOOP_ANALYSIS = YES;
				CLANG_WARN_STRICT_PROTOTYPES = YES;
				CLANG_WARN_SUSPICIOUS_MOVE = YES;
				CLANG_WARN_UNGUARDED_AVAILABILITY = YES_AGGRESSIVE;
				CLANG_WARN_UNREACHABLE_CODE = YES;
				CLANG_WARN__DUPLICATE_METHOD_MATCH = YES;
				CODE_SIGN_IDENTITY = "iPhone Developer";
				COPY_PHASE_STRIP = NO;
				DEBUG_INFORMATION_FORMAT = "dwarf-with-dsym";
				ENABLE_NS_ASSERTIONS = NO;
				ENABLE_STRICT_OBJC_MSGSEND = YES;
				GCC_C_LANGUAGE_STANDARD = gnu11;
				GCC_NO_COMMON_BLOCKS = YES;
				GCC_WARN_64_TO_32_BIT_CONVERSION = YES;
				GCC_WARN_ABOUT_RETURN_TYPE = YES_ERROR;
				GCC_WARN_UNDECLARED_SELECTOR = YES;
				GCC_WARN_UNINITIALIZED_AUTOS = YES_AGGRESSIVE;
				GCC_WARN_UNUSED_FUNCTION = YES;
				GCC_WARN_UNUSED_VARIABLE = YES;
				IPHONEOS_DEPLOYMENT_TARGET = 12.1;
				MTL_ENABLE_DEBUG_INFO = NO;
				MTL_FAST_MATH = YES;
				SDKROOT = iphoneos;
				SWIFT_COMPILATION_MODE = wholemodule;
				SWIFT_OPTIMIZATION_LEVEL = "-O";
				VALIDATE_PRODUCT = YES;
			};
			name = Release;
		};
		80E27943224B674800AF2452 /* Debug */ = {
			isa = XCBuildConfiguration;
			buildSettings = {
				ASSETCATALOG_COMPILER_APPICON_NAME = AppIcon;
				CODE_SIGN_STYLE = Automatic;
				DEVELOPMENT_TEAM = MWPM7V4LD5;
				INFOPLIST_FILE = agl/Info.plist;
				LD_RUNPATH_SEARCH_PATHS = (
					"$(inherited)",
					"@executable_path/Frameworks",
				);
				PRODUCT_BUNDLE_IDENTIFIER = com.jinahadam.agl;
				PRODUCT_NAME = "$(TARGET_NAME)";
				SWIFT_VERSION = 4.2;
				TARGETED_DEVICE_FAMILY = "1,2";
			};
			name = Debug;
		};
		80E27944224B674800AF2452 /* Release */ = {
			isa = XCBuildConfiguration;
			buildSettings = {
				ASSETCATALOG_COMPILER_APPICON_NAME = AppIcon;
				CODE_SIGN_STYLE = Automatic;
				DEVELOPMENT_TEAM = MWPM7V4LD5;
				INFOPLIST_FILE = agl/Info.plist;
				LD_RUNPATH_SEARCH_PATHS = (
					"$(inherited)",
					"@executable_path/Frameworks",
				);
				PRODUCT_BUNDLE_IDENTIFIER = com.jinahadam.agl;
				PRODUCT_NAME = "$(TARGET_NAME)";
				SWIFT_VERSION = 4.2;
				TARGETED_DEVICE_FAMILY = "1,2";
			};
			name = Release;
		};
		80E27946224B674800AF2452 /* Debug */ = {
			isa = XCBuildConfiguration;
			buildSettings = {
				ALWAYS_EMBED_SWIFT_STANDARD_LIBRARIES = YES;
				BUNDLE_LOADER = "$(TEST_HOST)";
				CODE_SIGN_STYLE = Automatic;
				DEVELOPMENT_TEAM = MWPM7V4LD5;
				INFOPLIST_FILE = aglTests/Info.plist;
				LD_RUNPATH_SEARCH_PATHS = (
					"$(inherited)",
					"@executable_path/Frameworks",
					"@loader_path/Frameworks",
				);
				PRODUCT_BUNDLE_IDENTIFIER = com.jinahadam.aglTests;
				PRODUCT_NAME = "$(TARGET_NAME)";
				SWIFT_VERSION = 4.2;
				TARGETED_DEVICE_FAMILY = "1,2";
				TEST_HOST = "$(BUILT_PRODUCTS_DIR)/agl.app/agl";
			};
			name = Debug;
		};
		80E27947224B674800AF2452 /* Release */ = {
			isa = XCBuildConfiguration;
			buildSettings = {
				ALWAYS_EMBED_SWIFT_STANDARD_LIBRARIES = YES;
				BUNDLE_LOADER = "$(TEST_HOST)";
				CODE_SIGN_STYLE = Automatic;
				DEVELOPMENT_TEAM = MWPM7V4LD5;
				INFOPLIST_FILE = aglTests/Info.plist;
				LD_RUNPATH_SEARCH_PATHS = (
					"$(inherited)",
					"@executable_path/Frameworks",
					"@loader_path/Frameworks",
				);
				PRODUCT_BUNDLE_IDENTIFIER = com.jinahadam.aglTests;
				PRODUCT_NAME = "$(TARGET_NAME)";
				SWIFT_VERSION = 4.2;
				TARGETED_DEVICE_FAMILY = "1,2";
				TEST_HOST = "$(BUILT_PRODUCTS_DIR)/agl.app/agl";
			};
			name = Release;
		};
/* End XCBuildConfiguration section */

/* Begin XCConfigurationList section */
		80E27920224B674500AF2452 /* Build configuration list for PBXProject "agl" */ = {
			isa = XCConfigurationList;
			buildConfigurations = (
				80E27940224B674800AF2452 /* Debug */,
				80E27941224B674800AF2452 /* Release */,
			);
			defaultConfigurationIsVisible = 0;
			defaultConfigurationName = Release;
		};
		80E27942224B674800AF2452 /* Build configuration list for PBXNativeTarget "agl" */ = {
			isa = XCConfigurationList;
			buildConfigurations = (
				80E27943224B674800AF2452 /* Debug */,
				80E27944224B674800AF2452 /* Release */,
			);
			defaultConfigurationIsVisible = 0;
			defaultConfigurationName = Release;
		};
		80E27945224B674800AF2452 /* Build configuration list for PBXNativeTarget "aglTests" */ = {
			isa = XCConfigurationList;
			buildConfigurations = (
				80E27946224B674800AF2452 /* Debug */,
				80E27947224B674800AF2452 /* Release */,
			);
			defaultConfigurationIsVisible = 0;
			defaultConfigurationName = Release;
		};
/* End XCConfigurationList section */
	};
	rootObject = 80E2791D224B674500AF2452 /* Project object */;
}
